
Microsoft Visual Studio Solution File, Format Version 12.00
# Visual Studio Version 17
VisualStudioVersion = 17.10.35027.167
MinimumVisualStudioVersion = 10.0.40219.1
Project("{9A19103F-16F7-4668-BE54-9A1E7A4F7556}") = "ROBOMVC", "ROBOMVC\ROBOMVC.csproj", "{1EFA8B8C-BB9B-4C14-BBD2-A6731155B409}"
EndProject
Project("{2150E333-8FDC-42A3-9474-1A3956D46DE8}") = "0 - Presentation", "0 - Presentation", "{C7C9FD5E-487E-4A36-837E-EE95262A811B}"
EndProject
Project("{2150E333-8FDC-42A3-9474-1A3956D46DE8}") = "1 - Tests", "1 - Tests", "{1A1DBE33-C9C4-4021-971C-B17DCB0D2A25}"
EndProject
Project("{FAE04EC0-301F-11D3-BF4B-00C04F79EFBC}") = "ROBOMVC.Tests", "ROBOMVC.Tests\ROBOMVC.Tests.csproj", "{F6FC5E22-8FD0-4285-8595-64E6BBB2D29B}"
EndProject
Global
	GlobalSection(SolutionConfigurationPlatforms) = preSolution
		Debug|Any CPU = Debug|Any CPU
		Release|Any CPU = Release|Any CPU
	EndGlobalSection
	GlobalSection(ProjectConfigurationPlatforms) = postSolution
		{1EFA8B8C-BB9B-4C14-BBD2-A6731155B409}.Debug|Any CPU.ActiveCfg = Debug|Any CPU
		{1EFA8B8C-BB9B-4C14-BBD2-A6731155B409}.Debug|Any CPU.Build.0 = Debug|Any CPU
		{1EFA8B8C-BB9B-4C14-BBD2-A6731155B409}.Release|Any CPU.ActiveCfg = Release|Any CPU
		{1EFA8B8C-BB9B-4C14-BBD2-A6731155B409}.Release|Any CPU.Build.0 = Release|Any CPU
		{F6FC5E22-8FD0-4285-8595-64E6BBB2D29B}.Debug|Any CPU.ActiveCfg = Debug|Any CPU
		{F6FC5E22-8FD0-4285-8595-64E6BBB2D29B}.Debug|Any CPU.Build.0 = Debug|Any CPU
		{F6FC5E22-8FD0-4285-8595-64E6BBB2D29B}.Release|Any CPU.ActiveCfg = Release|Any CPU
		{F6FC5E22-8FD0-4285-8595-64E6BBB2D29B}.Release|Any CPU.Build.0 = Release|Any CPU
	EndGlobalSection
	GlobalSection(SolutionProperties) = preSolution
		HideSolutionNode = FALSE
	EndGlobalSection
	GlobalSection(NestedProjects) = preSolution
		{1EFA8B8C-BB9B-4C14-BBD2-A6731155B409} = {C7C9FD5E-487E-4A36-837E-EE95262A811B}
		{F6FC5E22-8FD0-4285-8595-64E6BBB2D29B} = {1A1DBE33-C9C4-4021-971C-B17DCB0D2A25}
	EndGlobalSection
	GlobalSection(ExtensibilityGlobals) = postSolution
		SolutionGuid = {D2B09D62-66AE-4209-A984-D1564E69BBA9}
	EndGlobalSection
EndGlobal
